// !$*UTF8*$!
{
	archiveVersion = 1;
	classes = {
	};
	objectVersion = 46;
	objects = {

/* Begin PBXBuildFile section */
		4BB7D84E1CD8A1C20003A082 /* AppDelegate.swift in Sources */ = {isa = PBXBuildFile; fileRef = 4BB7D84D1CD8A1C20003A082 /* AppDelegate.swift */; };
		4BB7D8501CD8A1C20003A082 /* ViewController.swift in Sources */ = {isa = PBXBuildFile; fileRef = 4BB7D84F1CD8A1C20003A082 /* ViewController.swift */; };
		4BB7D8531CD8A1C20003A082 /* Main.storyboard in Resources */ = {isa = PBXBuildFile; fileRef = 4BB7D8511CD8A1C20003A082 /* Main.storyboard */; };
		4BB7D8551CD8A1C30003A082 /* Assets.xcassets in Resources */ = {isa = PBXBuildFile; fileRef = 4BB7D8541CD8A1C30003A082 /* Assets.xcassets */; };
		4BB7D8581CD8A1C30003A082 /* LaunchScreen.storyboard in Resources */ = {isa = PBXBuildFile; fileRef = 4BB7D8561CD8A1C30003A082 /* LaunchScreen.storyboard */; };
		4BB7D8631CD8A1C30003A082 /* ImageBrowserTests.swift in Sources */ = {isa = PBXBuildFile; fileRef = 4BB7D8621CD8A1C30003A082 /* ImageBrowserTests.swift */; };
		4BB7D86E1CD8A1C30003A082 /* ImageBrowserUITests.swift in Sources */ = {isa = PBXBuildFile; fileRef = 4BB7D86D1CD8A1C30003A082 /* ImageBrowserUITests.swift */; };
/* End PBXBuildFile section */

/* Begin PBXContainerItemProxy section */
		4BB7D85F1CD8A1C30003A082 /* PBXContainerItemProxy */ = {
			isa = PBXContainerItemProxy;
			containerPortal = 4BB7D8421CD8A1C20003A082 /* Project object */;
			proxyType = 1;
			remoteGlobalIDString = 4BB7D8491CD8A1C20003A082;
			remoteInfo = ImageBrowser;
		};
		4BB7D86A1CD8A1C30003A082 /* PBXContainerItemProxy */ = {
			isa = PBXContainerItemProxy;
			containerPortal = 4BB7D8421CD8A1C20003A082 /* Project object */;
			proxyType = 1;
			remoteGlobalIDString = 4BB7D8491CD8A1C20003A082;
			remoteInfo = ImageBrowser;
		};
/* End PBXContainerItemProxy section */

/* Begin PBXFileReference section */
		4BB7D84A1CD8A1C20003A082 /* ImageBrowser.app */ = {isa = PBXFileReference; explicitFileType = wrapper.application; includeInIndex = 0; path = ImageBrowser.app; sourceTree = BUILT_PRODUCTS_DIR; };
		4BB7D84D1CD8A1C20003A082 /* AppDelegate.swift */ = {isa = PBXFileReference; lastKnownFileType = sourcecode.swift; path = AppDelegate.swift; sourceTree = "<group>"; };
		4BB7D84F1CD8A1C20003A082 /* ViewController.swift */ = {isa = PBXFileReference; lastKnownFileType = sourcecode.swift; path = ViewController.swift; sourceTree = "<group>"; };
		4BB7D8521CD8A1C20003A082 /* Base */ = {isa = PBXFileReference; lastKnownFileType = file.storyboard; name = Base; path = Base.lproj/Main.storyboard; sourceTree = "<group>"; };
		4BB7D8541CD8A1C30003A082 /* Assets.xcassets */ = {isa = PBXFileReference; lastKnownFileType = folder.assetcatalog; path = Assets.xcassets; sourceTree = "<group>"; };
		4BB7D8571CD8A1C30003A082 /* Base */ = {isa = PBXFileReference; lastKnownFileType = file.storyboard; name = Base; path = Base.lproj/LaunchScreen.storyboard; sourceTree = "<group>"; };
		4BB7D8591CD8A1C30003A082 /* Info.plist */ = {isa = PBXFileReference; lastKnownFileType = text.plist.xml; path = Info.plist; sourceTree = "<group>"; };
		4BB7D85E1CD8A1C30003A082 /* ImageBrowserTests.xctest */ = {isa = PBXFileReference; explicitFileType = wrapper.cfbundle; includeInIndex = 0; path = ImageBrowserTests.xctest; sourceTree = BUILT_PRODUCTS_DIR; };
		4BB7D8621CD8A1C30003A082 /* ImageBrowserTests.swift */ = {isa = PBXFileReference; lastKnownFileType = sourcecode.swift; path = ImageBrowserTests.swift; sourceTree = "<group>"; };
		4BB7D8641CD8A1C30003A082 /* Info.plist */ = {isa = PBXFileReference; lastKnownFileType = text.plist.xml; path = Info.plist; sourceTree = "<group>"; };
		4BB7D8691CD8A1C30003A082 /* ImageBrowserUITests.xctest */ = {isa = PBXFileReference; explicitFileType = wrapper.cfbundle; includeInIndex = 0; path = ImageBrowserUITests.xctest; sourceTree = BUILT_PRODUCTS_DIR; };
		4BB7D86D1CD8A1C30003A082 /* ImageBrowserUITests.swift */ = {isa = PBXFileReference; lastKnownFileType = sourcecode.swift; path = ImageBrowserUITests.swift; sourceTree = "<group>"; };
		4BB7D86F1CD8A1C30003A082 /* Info.plist */ = {isa = PBXFileReference; lastKnownFileType = text.plist.xml; path = Info.plist; sourceTree = "<group>"; };
/* End PBXFileReference section */

/* Begin PBXFrameworksBuildPhase section */
		4BB7D8471CD8A1C20003A082 /* Frameworks */ = {
			isa = PBXFrameworksBuildPhase;
			buildActionMask = 2147483647;
			files = (
			);
			runOnlyForDeploymentPostprocessing = 0;
		};
		4BB7D85B1CD8A1C30003A082 /* Frameworks */ = {
			isa = PBXFrameworksBuildPhase;
			buildActionMask = 2147483647;
			files = (
			);
			runOnlyForDeploymentPostprocessing = 0;
		};
		4BB7D8661CD8A1C30003A082 /* Frameworks */ = {
			isa = PBXFrameworksBuildPhase;
			buildActionMask = 2147483647;
			files = (
			);
			runOnlyForDeploymentPostprocessing = 0;
		};
/* End PBXFrameworksBuildPhase section */

/* Begin PBXGroup section */
		4BB7D8411CD8A1C20003A082 = {
			isa = PBXGroup;
			children = (
				4BB7D84C1CD8A1C20003A082 /* ImageBrowser */,
				4BB7D8611CD8A1C30003A082 /* ImageBrowserTests */,
				4BB7D86C1CD8A1C30003A082 /* ImageBrowserUITests */,
				4BB7D84B1CD8A1C20003A082 /* Products */,
			);
			sourceTree = "<group>";
		};
		4BB7D84B1CD8A1C20003A082 /* Products */ = {
			isa = PBXGroup;
			children = (
				4BB7D84A1CD8A1C20003A082 /* ImageBrowser.app */,
				4BB7D85E1CD8A1C30003A082 /* ImageBrowserTests.xctest */,
				4BB7D8691CD8A1C30003A082 /* ImageBrowserUITests.xctest */,
			);
			name = Products;
			sourceTree = "<group>";
		};
		4BB7D84C1CD8A1C20003A082 /* ImageBrowser */ = {
			isa = PBXGroup;
			children = (
				4BB7D84D1CD8A1C20003A082 /* AppDelegate.swift */,
				4BB7D84F1CD8A1C20003A082 /* ViewController.swift */,
				4BB7D8511CD8A1C20003A082 /* Main.storyboard */,
				4BB7D8541CD8A1C30003A082 /* Assets.xcassets */,
				4BB7D8561CD8A1C30003A082 /* LaunchScreen.storyboard */,
				4BB7D8591CD8A1C30003A082 /* Info.plist */,
			);
			path = ImageBrowser;
			sourceTree = "<group>";
		};
		4BB7D8611CD8A1C30003A082 /* ImageBrowserTests */ = {
			isa = PBXGroup;
			children = (
				4BB7D8621CD8A1C30003A082 /* ImageBrowserTests.swift */,
				4BB7D8641CD8A1C30003A082 /* Info.plist */,
			);
			path = ImageBrowserTests;
			sourceTree = "<group>";
		};
		4BB7D86C1CD8A1C30003A082 /* ImageBrowserUITests */ = {
			isa = PBXGroup;
			children = (
				4BB7D86D1CD8A1C30003A082 /* ImageBrowserUITests.swift */,
				4BB7D86F1CD8A1C30003A082 /* Info.plist */,
			);
			path = ImageBrowserUITests;
			sourceTree = "<group>";
		};
/* End PBXGroup section */

/* Begin PBXNativeTarget section */
		4BB7D8491CD8A1C20003A082 /* ImageBrowser */ = {
			isa = PBXNativeTarget;
			buildConfigurationList = 4BB7D8721CD8A1C30003A082 /* Build configuration list for PBXNativeTarget "ImageBrowser" */;
			buildPhases = (
				4BB7D8461CD8A1C20003A082 /* Sources */,
				4BB7D8471CD8A1C20003A082 /* Frameworks */,
				4BB7D8481CD8A1C20003A082 /* Resources */,
			);
			buildRules = (
			);
			dependencies = (
			);
			name = ImageBrowser;
			productName = ImageBrowser;
			productReference = 4BB7D84A1CD8A1C20003A082 /* ImageBrowser.app */;
			productType = "com.apple.product-type.application";
		};
		4BB7D85D1CD8A1C30003A082 /* ImageBrowserTests */ = {
			isa = PBXNativeTarget;
			buildConfigurationList = 4BB7D8751CD8A1C30003A082 /* Build configuration list for PBXNativeTarget "ImageBrowserTests" */;
			buildPhases = (
				4BB7D85A1CD8A1C30003A082 /* Sources */,
				4BB7D85B1CD8A1C30003A082 /* Frameworks */,
				4BB7D85C1CD8A1C30003A082 /* Resources */,
			);
			buildRules = (
			);
			dependencies = (
				4BB7D8601CD8A1C30003A082 /* PBXTargetDependency */,
			);
			name = ImageBrowserTests;
			productName = ImageBrowserTests;
			productReference = 4BB7D85E1CD8A1C30003A082 /* ImageBrowserTests.xctest */;
			productType = "com.apple.product-type.bundle.unit-test";
		};
		4BB7D8681CD8A1C30003A082 /* ImageBrowserUITests */ = {
			isa = PBXNativeTarget;
			buildConfigurationList = 4BB7D8781CD8A1C30003A082 /* Build configuration list for PBXNativeTarget "ImageBrowserUITests" */;
			buildPhases = (
				4BB7D8651CD8A1C30003A082 /* Sources */,
				4BB7D8661CD8A1C30003A082 /* Frameworks */,
				4BB7D8671CD8A1C30003A082 /* Resources */,
			);
			buildRules = (
			);
			dependencies = (
				4BB7D86B1CD8A1C30003A082 /* PBXTargetDependency */,
			);
			name = ImageBrowserUITests;
			productName = ImageBrowserUITests;
			productReference = 4BB7D8691CD8A1C30003A082 /* ImageBrowserUITests.xctest */;
			productType = "com.apple.product-type.bundle.ui-testing";
		};
/* End PBXNativeTarget section */

/* Begin PBXProject section */
		4BB7D8421CD8A1C20003A082 /* Project object */ = {
			isa = PBXProject;
			attributes = {
				LastSwiftUpdateCheck = 0730;
				LastUpgradeCheck = 0730;
				ORGANIZATIONNAME = ZeroJ;
				TargetAttributes = {
					4BB7D8491CD8A1C20003A082 = {
						CreatedOnToolsVersion = 7.3;
					};
					4BB7D85D1CD8A1C30003A082 = {
						CreatedOnToolsVersion = 7.3;
						TestTargetID = 4BB7D8491CD8A1C20003A082;
					};
					4BB7D8681CD8A1C30003A082 = {
						CreatedOnToolsVersion = 7.3;
						TestTargetID = 4BB7D8491CD8A1C20003A082;
					};
				};
			};
			buildConfigurationList = 4BB7D8451CD8A1C20003A082 /* Build configuration list for PBXProject "ImageBrowser" */;
			compatibilityVersion = "Xcode 3.2";
			developmentRegion = English;
			hasScannedForEncodings = 0;
			knownRegions = (
				en,
				Base,
			);
			mainGroup = 4BB7D8411CD8A1C20003A082;
			productRefGroup = 4BB7D84B1CD8A1C20003A082 /* Products */;
			projectDirPath = "";
			projectRoot = "";
			targets = (
				4BB7D8491CD8A1C20003A082 /* ImageBrowser */,
				4BB7D85D1CD8A1C30003A082 /* ImageBrowserTests */,
				4BB7D8681CD8A1C30003A082 /* ImageBrowserUITests */,
			);
		};
/* End PBXProject section */

/* Begin PBXResourcesBuildPhase section */
		4BB7D8481CD8A1C20003A082 /* Resources */ = {
			isa = PBXResourcesBuildPhase;
			buildActionMask = 2147483647;
			files = (
				4BB7D8581CD8A1C30003A082 /* LaunchScreen.storyboard in Resources */,
				4BB7D8551CD8A1C30003A082 /* Assets.xcassets in Resources */,
				4BB7D8531CD8A1C20003A082 /* Main.storyboard in Resources */,
			);
			runOnlyForDeploymentPostprocessing = 0;
		};
		4BB7D85C1CD8A1C30003A082 /* Resources */ = {
			isa = PBXResourcesBuildPhase;
			buildActionMask = 2147483647;
			files = (
			);
			runOnlyForDeploymentPostprocessing = 0;
		};
		4BB7D8671CD8A1C30003A082 /* Resources */ = {
			isa = PBXResourcesBuildPhase;
			buildActionMask = 2147483647;
			files = (
			);
			runOnlyForDeploymentPostprocessing = 0;
		};
/* End PBXResourcesBuildPhase section */

/* Begin PBXSourcesBuildPhase section */
		4BB7D8461CD8A1C20003A082 /* Sources */ = {
			isa = PBXSourcesBuildPhase;
			buildActionMask = 2147483647;
			files = (
				4BB7D8501CD8A1C20003A082 /* ViewController.swift in Sources */,
				4BB7D84E1CD8A1C20003A082 /* AppDelegate.swift in Sources */,
			);
			runOnlyForDeploymentPostprocessing = 0;
		};
		4BB7D85A1CD8A1C30003A082 /* Sources */ = {
			isa = PBXSourcesBuildPhase;
			buildActionMask = 2147483647;
			files = (
				4BB7D8631CD8A1C30003A082 /* ImageBrowserTests.swift in Sources */,
			);
			runOnlyForDeploymentPostprocessing = 0;
		};
		4BB7D8651CD8A1C30003A082 /* Sources */ = {
			isa = PBXSourcesBuildPhase;
			buildActionMask = 2147483647;
			files = (
				4BB7D86E1CD8A1C30003A082 /* ImageBrowserUITests.swift in Sources */,
			);
			runOnlyForDeploymentPostprocessing = 0;
		};
/* End PBXSourcesBuildPhase section */

/* Begin PBXTargetDependency section */
		4BB7D8601CD8A1C30003A082 /* PBXTargetDependency */ = {
			isa = PBXTargetDependency;
			target = 4BB7D8491CD8A1C20003A082 /* ImageBrowser */;
			targetProxy = 4BB7D85F1CD8A1C30003A082 /* PBXContainerItemProxy */;
		};
		4BB7D86B1CD8A1C30003A082 /* PBXTargetDependency */ = {
			isa = PBXTargetDependency;
			target = 4BB7D8491CD8A1C20003A082 /* ImageBrowser */;
			targetProxy = 4BB7D86A1CD8A1C30003A082 /* PBXContainerItemProxy */;
		};
/* End PBXTargetDependency section */

/* Begin PBXVariantGroup section */
		4BB7D8511CD8A1C20003A082 /* Main.storyboard */ = {
			isa = PBXVariantGroup;
			children = (
				4BB7D8521CD8A1C20003A082 /* Base */,
			);
			name = Main.storyboard;
			sourceTree = "<group>";
		};
		4BB7D8561CD8A1C30003A082 /* LaunchScreen.storyboard */ = {
			isa = PBXVariantGroup;
			children = (
				4BB7D8571CD8A1C30003A082 /* Base */,
			);
			name = LaunchScreen.storyboard;
			sourceTree = "<group>";
		};
/* End PBXVariantGroup section */

/* Begin XCBuildConfiguration section */
		4BB7D8701CD8A1C30003A082 /* Debug */ = {
			isa = XCBuildConfiguration;
			buildSettings = {
				ALWAYS_SEARCH_USER_PATHS = NO;
				CLANG_ANALYZER_NONNULL = YES;
				CLANG_CXX_LANGUAGE_STANDARD = "gnu++0x";
				CLANG_CXX_LIBRARY = "libc++";
				CLANG_ENABLE_MODULES = YES;
				CLANG_ENABLE_OBJC_ARC = YES;
				CLANG_WARN_BOOL_CONVERSION = YES;
				CLANG_WARN_CONSTANT_CONVERSION = YES;
				CLANG_WARN_DIRECT_OBJC_ISA_USAGE = YES_ERROR;
				CLANG_WARN_EMPTY_BODY = YES;
				CLANG_WARN_ENUM_CONVERSION = YES;
				CLANG_WARN_INT_CONVERSION = YES;
				CLANG_WARN_OBJC_ROOT_CLASS = YES_ERROR;
				CLANG_WARN_UNREACHABLE_CODE = YES;
				CLANG_WARN__DUPLICATE_METHOD_MATCH = YES;
				"CODE_SIGN_IDENTITY[sdk=iphoneos*]" = "iPhone Developer";
				COPY_PHASE_STRIP = NO;
				DEBUG_INFORMATION_FORMAT = dwarf;
				ENABLE_STRICT_OBJC_MSGSEND = YES;
				ENABLE_TESTABILITY = YES;
				GCC_C_LANGUAGE_STANDARD = gnu99;
				GCC_DYNAMIC_NO_PIC = NO;
				GCC_NO_COMMON_BLOCKS = YES;
				GCC_OPTIMIZATION_LEVEL = 0;
				GCC_PREPROCESSOR_DEFINITIONS = (
					"DEBUG=1",
					"$(inherited)",
				);
				GCC_WARN_64_TO_32_BIT_CONVERSION = YES;
				GCC_WARN_ABOUT_RETURN_TYPE = YES_ERROR;
				GCC_WARN_UNDECLARED_SELECTOR = YES;
				GCC_WARN_UNINITIALIZED_AUTOS = YES_AGGRESSIVE;
				GCC_WARN_UNUSED_FUNCTION = YES;
				GCC_WARN_UNUSED_VARIABLE = YES;
				IPHONEOS_DEPLOYMENT_TARGET = 9.3;
				MTL_ENABLE_DEBUG_INFO = YES;
				ONLY_ACTIVE_ARCH = YES;
				SDKROOT = iphoneos;
				SWIFT_OPTIMIZATION_LEVEL = "-Onone";
				TARGETED_DEVICE_FAMILY = "1,2";
			};
			name = Debug;
		};
		4BB7D8711CD8A1C30003A082 /* Release */ = {
			isa = XCBuildConfiguration;
			buildSettings = {
				ALWAYS_SEARCH_USER_PATHS = NO;
				CLANG_ANALYZER_NONNULL = YES;
				CLANG_CXX_LANGUAGE_STANDARD = "gnu++0x";
				CLANG_CXX_LIBRARY = "libc++";
				CLANG_ENABLE_MODULES = YES;
				CLANG_ENABLE_OBJC_ARC = YES;
				CLANG_WARN_BOOL_CONVERSION = YES;
				CLANG_WARN_CONSTANT_CONVERSION = YES;
				CLANG_WARN_DIRECT_OBJC_ISA_USAGE = YES_ERROR;
				CLANG_WARN_EMPTY_BODY = YES;
				CLANG_WARN_ENUM_CONVERSION = YES;
				CLANG_WARN_INT_CONVERSION = YES;
				CLANG_WARN_OBJC_ROOT_CLASS = YES_ERROR;
				CLANG_WARN_UNREACHABLE_CODE = YES;
				CLANG_WARN__DUPLICATE_METHOD_MATCH = YES;
				"CODE_SIGN_IDENTITY[sdk=iphoneos*]" = "iPhone Developer";
				COPY_PHASE_STRIP = NO;
				DEBUG_INFORMATION_FORMAT = "dwarf-with-dsym";
				ENABLE_NS_ASSERTIONS = NO;
				ENABLE_STRICT_OBJC_MSGSEND = YES;
				GCC_C_LANGUAGE_STANDARD = gnu99;
				GCC_NO_COMMON_BLOCKS = YES;
				GCC_WARN_64_TO_32_BIT_CONVERSION = YES;
				GCC_WARN_ABOUT_RETURN_TYPE = YES_ERROR;
				GCC_WARN_UNDECLARED_SELECTOR = YES;
				GCC_WARN_UNINITIALIZED_AUTOS = YES_AGGRESSIVE;
				GCC_WARN_UNUSED_FUNCTION = YES;
				GCC_WARN_UNUSED_VARIABLE = YES;
				IPHONEOS_DEPLOYMENT_TARGET = 9.3;
				MTL_ENABLE_DEBUG_INFO = NO;
				SDKROOT = iphoneos;
				TARGETED_DEVICE_FAMILY = "1,2";
				VALIDATE_PRODUCT = YES;
			};
			name = Release;
		};
		4BB7D8731CD8A1C30003A082 /* Debug */ = {
			isa = XCBuildConfiguration;
			buildSettings = {
				ASSETCATALOG_COMPILER_APPICON_NAME = AppIcon;
				INFOPLIST_FILE = ImageBrowser/Info.plist;
				LD_RUNPATH_SEARCH_PATHS = "$(inherited) @executable_path/Frameworks";
				PRODUCT_BUNDLE_IDENTIFIER = com.ZeroJ.ImageBrowser;
				PRODUCT_NAME = "$(TARGET_NAME)";
			};
			name = Debug;
		};
		4BB7D8741CD8A1C30003A082 /* Release */ = {
			isa = XCBuildConfiguration;
			buildSettings = {
				ASSETCATALOG_COMPILER_APPICON_NAME = AppIcon;
				INFOPLIST_FILE = ImageBrowser/Info.plist;
				LD_RUNPATH_SEARCH_PATHS = "$(inherited) @executable_path/Frameworks";
				PRODUCT_BUNDLE_IDENTIFIER = com.ZeroJ.ImageBrowser;
				PRODUCT_NAME = "$(TARGET_NAME)";
			};
			name = Release;
		};
		4BB7D8761CD8A1C30003A082 /* Debug */ = {
			isa = XCBuildConfiguration;
			buildSettings = {
				BUNDLE_LOADER = "$(TEST_HOST)";
				INFOPLIST_FILE = ImageBrowserTests/Info.plist;
				LD_RUNPATH_SEARCH_PATHS = "$(inherited) @executable_path/Frameworks @loader_path/Frameworks";
				PRODUCT_BUNDLE_IDENTIFIER = com.ZeroJ.ImageBrowserTests;
				PRODUCT_NAME = "$(TARGET_NAME)";
				TEST_HOST = "$(BUILT_PRODUCTS_DIR)/ImageBrowser.app/ImageBrowser";
			};
			name = Debug;
		};
		4BB7D8771CD8A1C30003A082 /* Release */ = {
			isa = XCBuildConfiguration;
			buildSettings = {
				BUNDLE_LOADER = "$(TEST_HOST)";
				INFOPLIST_FILE = ImageBrowserTests/Info.plist;
				LD_RUNPATH_SEARCH_PATHS = "$(inherited) @executable_path/Frameworks @loader_path/Frameworks";
				PRODUCT_BUNDLE_IDENTIFIER = com.ZeroJ.ImageBrowserTests;
				PRODUCT_NAME = "$(TARGET_NAME)";
				TEST_HOST = "$(BUILT_PRODUCTS_DIR)/ImageBrowser.app/ImageBrowser";
			};
			name = Release;
		};
		4BB7D8791CD8A1C30003A082 /* Debug */ = {
			isa = XCBuildConfiguration;
			buildSettings = {
				INFOPLIST_FILE = ImageBrowserUITests/Info.plist;
				LD_RUNPATH_SEARCH_PATHS = "$(inherited) @executable_path/Frameworks @loader_path/Frameworks";
				PRODUCT_BUNDLE_IDENTIFIER = com.ZeroJ.ImageBrowserUITests;
				PRODUCT_NAME = "$(TARGET_NAME)";
				TEST_TARGET_NAME = ImageBrowser;
			};
			name = Debug;
		};
		4BB7D87A1CD8A1C30003A082 /* Release */ = {
			isa = XCBuildConfiguration;
			buildSettings = {
				INFOPLIST_FILE = ImageBrowserUITests/Info.plist;
				LD_RUNPATH_SEARCH_PATHS = "$(inherited) @executable_path/Frameworks @loader_path/Frameworks";
				PRODUCT_BUNDLE_IDENTIFIER = com.ZeroJ.ImageBrowserUITests;
				PRODUCT_NAME = "$(TARGET_NAME)";
				TEST_TARGET_NAME = ImageBrowser;
			};
			name = Release;
		};
/* End XCBuildConfiguration section */

/* Begin XCConfigurationList section */
		4BB7D8451CD8A1C20003A082 /* Build configuration list for PBXProject "ImageBrowser" */ = {
			isa = XCConfigurationList;
			buildConfigurations = (
				4BB7D8701CD8A1C30003A082 /* Debug */,
				4BB7D8711CD8A1C30003A082 /* Release */,
			);
			defaultConfigurationIsVisible = 0;
			defaultConfigurationName = Release;
		};
		4BB7D8721CD8A1C30003A082 /* Build configuration list for PBXNativeTarget "ImageBrowser" */ = {
			isa = XCConfigurationList;
			buildConfigurations = (
				4BB7D8731CD8A1C30003A082 /* Debug */,
				4BB7D8741CD8A1C30003A082 /* Release */,
			);
			defaultConfigurationIsVisible = 0;
		};
		4BB7D8751CD8A1C30003A082 /* Build configuration list for PBXNativeTarget "ImageBrowserTests" */ = {
			isa = XCConfigurationList;
			buildConfigurations = (
				4BB7D8761CD8A1C30003A082 /* Debug */,
				4BB7D8771CD8A1C30003A082 /* Release */,
			);
			defaultConfigurationIsVisible = 0;
		};
		4BB7D8781CD8A1C30003A082 /* Build configuration list for PBXNativeTarget "ImageBrowserUITests" */ = {
			isa = XCConfigurationList;
			buildConfigurations = (
				4BB7D8791CD8A1C30003A082 /* Debug */,
				4BB7D87A1CD8A1C30003A082 /* Release */,
			);
			defaultConfigurationIsVisible = 0;
		};
/* End XCConfigurationList section */
	};
	rootObject = 4BB7D8421CD8A1C20003A082 /* Project object */;
}
